
Microsoft Visual Studio Solution File, Format Version 12.00
# Visual Studio Version 17
VisualStudioVersion = 17.5.002.0
MinimumVisualStudioVersion = 10.0.40219.1
Project("{9A19103F-16F7-4668-BE54-9A1E7A4F7556}") = "Program", "Program\Program.csproj", "{231AB22B-F3B8-4296-8880-D26511F2FA23}"
EndProject
Project("{FAE04EC0-301F-11D3-BF4B-00C04F79EFBC}") = "Test", "Test\Test.csproj", "{1E8A99B7-3EB8-4B11-879F-688F379ACEC0}"
EndProject
Global
	GlobalSection(SolutionConfigurationPlatforms) = preSolution
		Debug|Any CPU = Debug|Any CPU
		Release|Any CPU = Release|Any CPU
	EndGlobalSection
	GlobalSection(ProjectConfigurationPlatforms) = postSolution
		{231AB22B-F3B8-4296-8880-D26511F2FA23}.Debug|Any CPU.ActiveCfg = Debug|Any CPU
		{231AB22B-F3B8-4296-8880-D26511F2FA23}.Debug|Any CPU.Build.0 = Debug|Any CPU
		{231AB22B-F3B8-4296-8880-D26511F2FA23}.Release|Any CPU.ActiveCfg = Release|Any CPU
		{231AB22B-F3B8-4296-8880-D26511F2FA23}.Release|Any CPU.Build.0 = Release|Any CPU
		{1E8A99B7-3EB8-4B11-879F-688F379ACEC0}.Debug|Any CPU.ActiveCfg = Debug|Any CPU
		{1E8A99B7-3EB8-4B11-879F-688F379ACEC0}.Debug|Any CPU.Build.0 = Debug|Any CPU
		{1E8A99B7-3EB8-4B11-879F-688F379ACEC0}.Release|Any CPU.ActiveCfg = Release|Any CPU
		{1E8A99B7-3EB8-4B11-879F-688F379ACEC0}.Release|Any CPU.Build.0 = Release|Any CPU
	EndGlobalSection
	GlobalSection(SolutionProperties) = preSolution
		HideSolutionNode = FALSE
	EndGlobalSection
	GlobalSection(ExtensibilityGlobals) = postSolution
		SolutionGuid = {174CD52A-954C-4C57-A791-BC8B373ECF2E}
	EndGlobalSection
EndGlobal
