
Microsoft Visual Studio Solution File, Format Version 12.00
# Visual Studio Version 17
VisualStudioVersion = 17.5.002.0
MinimumVisualStudioVersion = 10.0.40219.1
Project("{9A19103F-16F7-4668-BE54-9A1E7A4F7556}") = "Program", "Program\Program.csproj", "{5A97FCD4-860A-4195-8CC7-7433AB0FCE6B}"
EndProject
Project("{9A19103F-16F7-4668-BE54-9A1E7A4F7556}") = "Test", "Test\Test.csproj", "{D4754F94-82DA-4165-9ACE-41AB7E0FEE80}"
EndProject
Global
	GlobalSection(SolutionConfigurationPlatforms) = preSolution
		Debug|Any CPU = Debug|Any CPU
		Release|Any CPU = Release|Any CPU
	EndGlobalSection
	GlobalSection(ProjectConfigurationPlatforms) = postSolution
		{5A97FCD4-860A-4195-8CC7-7433AB0FCE6B}.Debug|Any CPU.ActiveCfg = Debug|Any CPU
		{5A97FCD4-860A-4195-8CC7-7433AB0FCE6B}.Debug|Any CPU.Build.0 = Debug|Any CPU
		{5A97FCD4-860A-4195-8CC7-7433AB0FCE6B}.Release|Any CPU.ActiveCfg = Release|Any CPU
		{5A97FCD4-860A-4195-8CC7-7433AB0FCE6B}.Release|Any CPU.Build.0 = Release|Any CPU
		{D4754F94-82DA-4165-9ACE-41AB7E0FEE80}.Debug|Any CPU.ActiveCfg = Debug|Any CPU
		{D4754F94-82DA-4165-9ACE-41AB7E0FEE80}.Debug|Any CPU.Build.0 = Debug|Any CPU
		{D4754F94-82DA-4165-9ACE-41AB7E0FEE80}.Release|Any CPU.ActiveCfg = Release|Any CPU
		{D4754F94-82DA-4165-9ACE-41AB7E0FEE80}.Release|Any CPU.Build.0 = Release|Any CPU
	EndGlobalSection
	GlobalSection(SolutionProperties) = preSolution
		HideSolutionNode = FALSE
	EndGlobalSection
	GlobalSection(ExtensibilityGlobals) = postSolution
		SolutionGuid = {70A18A54-6C06-4ABE-A868-9CEC7BE389E3}
	EndGlobalSection
EndGlobal
